
Microsoft Visual Studio Solution File, Format Version 12.00
# Visual Studio 15
VisualStudioVersion = 15.0.26430.6
MinimumVisualStudioVersion = 10.0.40219.1
Project("{FAE04EC0-301F-11D3-BF4B-00C04F79EFBC}") = "URMAC-Server", "URMAC-Server\URMAC-Server.csproj", "{664CF1AD-D29C-46DD-9EE8-9C65E1BA9ECE}"
EndProject
Project("{FAE04EC0-301F-11D3-BF4B-00C04F79EFBC}") = "API-Controller-Tests", "API-Controller-Tests\API-Controller-Tests.csproj", "{42D2091E-9F48-47D6-86F1-C64330852679}"
EndProject
Project("{FAE04EC0-301F-11D3-BF4B-00C04F79EFBC}") = "DataAccess", "DataAccess\DataAccess.csproj", "{6D51581D-B752-4763-B4F4-FFA5CE133DC8}"
EndProject
Global
	GlobalSection(SolutionConfigurationPlatforms) = preSolution
		Debug|Any CPU = Debug|Any CPU
		Release|Any CPU = Release|Any CPU
	EndGlobalSection
	GlobalSection(ProjectConfigurationPlatforms) = postSolution
		{664CF1AD-D29C-46DD-9EE8-9C65E1BA9ECE}.Debug|Any CPU.ActiveCfg = Debug|Any CPU
		{664CF1AD-D29C-46DD-9EE8-9C65E1BA9ECE}.Debug|Any CPU.Build.0 = Debug|Any CPU
		{664CF1AD-D29C-46DD-9EE8-9C65E1BA9ECE}.Release|Any CPU.ActiveCfg = Release|Any CPU
		{664CF1AD-D29C-46DD-9EE8-9C65E1BA9ECE}.Release|Any CPU.Build.0 = Release|Any CPU
		{42D2091E-9F48-47D6-86F1-C64330852679}.Debug|Any CPU.ActiveCfg = Debug|Any CPU
		{42D2091E-9F48-47D6-86F1-C64330852679}.Debug|Any CPU.Build.0 = Debug|Any CPU
		{42D2091E-9F48-47D6-86F1-C64330852679}.Release|Any CPU.ActiveCfg = Release|Any CPU
		{42D2091E-9F48-47D6-86F1-C64330852679}.Release|Any CPU.Build.0 = Release|Any CPU
		{6D51581D-B752-4763-B4F4-FFA5CE133DC8}.Debug|Any CPU.ActiveCfg = Debug|Any CPU
		{6D51581D-B752-4763-B4F4-FFA5CE133DC8}.Debug|Any CPU.Build.0 = Debug|Any CPU
		{6D51581D-B752-4763-B4F4-FFA5CE133DC8}.Release|Any CPU.ActiveCfg = Release|Any CPU
		{6D51581D-B752-4763-B4F4-FFA5CE133DC8}.Release|Any CPU.Build.0 = Release|Any CPU
	EndGlobalSection
	GlobalSection(SolutionProperties) = preSolution
		HideSolutionNode = FALSE
	EndGlobalSection
EndGlobal
